
Microsoft Visual Studio Solution File, Format Version 12.00
# Visual Studio Version 16
VisualStudioVersion = 16.0.31829.152
MinimumVisualStudioVersion = 10.0.40219.1
Project("{FAE04EC0-301F-11D3-BF4B-00C04F79EFBC}") = "To-Do", "To-Do.csproj", "{3403ECE2-65C2-4BD5-B2C8-A3C9B05D6177}"
EndProject
Global
	GlobalSection(SolutionConfigurationPlatforms) = preSolution
		Debug|Any CPU = Debug|Any CPU
		Release|Any CPU = Release|Any CPU
	EndGlobalSection
	GlobalSection(ProjectConfigurationPlatforms) = postSolution
		{3403ECE2-65C2-4BD5-B2C8-A3C9B05D6177}.Debug|Any CPU.ActiveCfg = Debug|Any CPU
		{3403ECE2-65C2-4BD5-B2C8-A3C9B05D6177}.Debug|Any CPU.Build.0 = Debug|Any CPU
		{3403ECE2-65C2-4BD5-B2C8-A3C9B05D6177}.Release|Any CPU.ActiveCfg = Release|Any CPU
		{3403ECE2-65C2-4BD5-B2C8-A3C9B05D6177}.Release|Any CPU.Build.0 = Release|Any CPU
	EndGlobalSection
	GlobalSection(SolutionProperties) = preSolution
		HideSolutionNode = FALSE
	EndGlobalSection
	GlobalSection(ExtensibilityGlobals) = postSolution
		SolutionGuid = {C3DD6731-EB29-48A7-B190-FFB49FEC5952}
	EndGlobalSection
EndGlobal
